
Microsoft Visual Studio Solution File, Format Version 12.00
# Visual Studio 15
VisualStudioVersion = 15.0.28010.2036
MinimumVisualStudioVersion = 10.0.40219.1
Project("{FAE04EC0-301F-11D3-BF4B-00C04F79EFBC}") = "Comms", "Comms\Comms.csproj", "{FB4E41AE-1553-4B14-8322-A5D0EFCEFE83}"
EndProject
Project("{FAE04EC0-301F-11D3-BF4B-00C04F79EFBC}") = "CommsTest", "CommsTest\CommsTest.csproj", "{E5ECA373-AA99-4214-AC81-2A41FCC0F31D}"
EndProject
Global
	GlobalSection(SolutionConfigurationPlatforms) = preSolution
		Debug|Any CPU = Debug|Any CPU
		Release|Any CPU = Release|Any CPU
	EndGlobalSection
	GlobalSection(ProjectConfigurationPlatforms) = postSolution
		{FB4E41AE-1553-4B14-8322-A5D0EFCEFE83}.Debug|Any CPU.ActiveCfg = Debug|Any CPU
		{FB4E41AE-1553-4B14-8322-A5D0EFCEFE83}.Debug|Any CPU.Build.0 = Debug|Any CPU
		{FB4E41AE-1553-4B14-8322-A5D0EFCEFE83}.Release|Any CPU.ActiveCfg = Release|Any CPU
		{FB4E41AE-1553-4B14-8322-A5D0EFCEFE83}.Release|Any CPU.Build.0 = Release|Any CPU
		{E5ECA373-AA99-4214-AC81-2A41FCC0F31D}.Debug|Any CPU.ActiveCfg = Debug|Any CPU
		{E5ECA373-AA99-4214-AC81-2A41FCC0F31D}.Debug|Any CPU.Build.0 = Debug|Any CPU
		{E5ECA373-AA99-4214-AC81-2A41FCC0F31D}.Release|Any CPU.ActiveCfg = Release|Any CPU
		{E5ECA373-AA99-4214-AC81-2A41FCC0F31D}.Release|Any CPU.Build.0 = Release|Any CPU
	EndGlobalSection
	GlobalSection(SolutionProperties) = preSolution
		HideSolutionNode = FALSE
	EndGlobalSection
	GlobalSection(ExtensibilityGlobals) = postSolution
		SolutionGuid = {F6D0D7DC-CB4A-4864-AFF2-7423E526C086}
	EndGlobalSection
EndGlobal
